
Microsoft Visual Studio Solution File, Format Version 12.00
# Visual Studio Version 16
VisualStudioVersion = 16.0.33027.164
MinimumVisualStudioVersion = 10.0.40219.1
Project("{FAE04EC0-301F-11D3-BF4B-00C04F79EFBC}") = "Yaroshevski", "Yaroshevski\Yaroshevski.csproj", "{48EA5BDB-34E1-417A-8DA3-FAB449C3881F}"
EndProject
Global
	GlobalSection(SolutionConfigurationPlatforms) = preSolution
		Debug|Any CPU = Debug|Any CPU
		Release|Any CPU = Release|Any CPU
	EndGlobalSection
	GlobalSection(ProjectConfigurationPlatforms) = postSolution
		{48EA5BDB-34E1-417A-8DA3-FAB449C3881F}.Debug|Any CPU.ActiveCfg = Debug|Any CPU
		{48EA5BDB-34E1-417A-8DA3-FAB449C3881F}.Debug|Any CPU.Build.0 = Debug|Any CPU
		{48EA5BDB-34E1-417A-8DA3-FAB449C3881F}.Release|Any CPU.ActiveCfg = Release|Any CPU
		{48EA5BDB-34E1-417A-8DA3-FAB449C3881F}.Release|Any CPU.Build.0 = Release|Any CPU
	EndGlobalSection
	GlobalSection(SolutionProperties) = preSolution
		HideSolutionNode = FALSE
	EndGlobalSection
	GlobalSection(ExtensibilityGlobals) = postSolution
		SolutionGuid = {685C29FA-B144-431D-87E4-C5E8C9F16442}
	EndGlobalSection
EndGlobal
